PODS:
  - RxCocoa (6.9.0):
    - RxRelay (= 6.9.0)
    - RxSwift (= 6.9.0)
  - RxRelay (6.9.0):
    - RxSwift (= 6.9.0)
  - RxSwift (6.9.0)
  - SnapKit (5.7.1)
  - SwiftGen (6.6.3)
  - Swinject (2.9.1)

DEPENDENCIES:
  - RxCocoa (= 6.9.0)
  - RxSwift (= 6.9.0)
  - SnapKit (~> 5.7.1)
  - SwiftGen (~> 6.6)
  - Swinject (~> 2.8)

SPEC REPOS:
  trunk:
    - RxCocoa
    - RxRelay
    - RxSwift
    - SnapKit
    - SwiftGen
    - Swinject

SPEC CHECKSUMS:
  RxCocoa: ac16414696ae706516be3e1ab00fcce5bdc9be8a
  RxRelay: 6b0c930e5cef57d5fe2032571e5e65b78e3cbdb1
  RxSwift: 31649ace6aceeb422e16ff71c60804f9c3281ed9
  SnapKit: d612e99e678a2d3b95bf60b0705ed0a35c03484a
  SwiftGen: 4993cbf71cbc4886f775e26f8d5c3a1188ec9f99
  Swinject: a827d508c6270da03ec74e558e728917a888fa9b

PODFILE CHECKSUM: 5822e5ced929626de905a56bee7e34666ce8b71d

COCOAPODS: 1.16.2
